
Microsoft Visual Studio Solution File, Format Version 12.00
# Visual Studio 15
VisualStudioVersion = 15.0.27004.2008
MinimumVisualStudioVersion = 10.0.40219.1
Project("{FAE04EC0-301F-11D3-BF4B-00C04F79EFBC}") = "CheckDigit_13", "CheckDigit_13\CheckDigit_13.csproj", "{51B8A11D-2317-425E-8B79-E4CFB077B641}"
EndProject
Global
	GlobalSection(SolutionConfigurationPlatforms) = preSolution
		Debug|Any CPU = Debug|Any CPU
		Release|Any CPU = Release|Any CPU
	EndGlobalSection
	GlobalSection(ProjectConfigurationPlatforms) = postSolution
		{51B8A11D-2317-425E-8B79-E4CFB077B641}.Debug|Any CPU.ActiveCfg = Debug|Any CPU
		{51B8A11D-2317-425E-8B79-E4CFB077B641}.Debug|Any CPU.Build.0 = Debug|Any CPU
		{51B8A11D-2317-425E-8B79-E4CFB077B641}.Release|Any CPU.ActiveCfg = Release|Any CPU
		{51B8A11D-2317-425E-8B79-E4CFB077B641}.Release|Any CPU.Build.0 = Release|Any CPU
	EndGlobalSection
	GlobalSection(SolutionProperties) = preSolution
		HideSolutionNode = FALSE
	EndGlobalSection
	GlobalSection(ExtensibilityGlobals) = postSolution
		SolutionGuid = {0C98666E-90AE-49D4-9365-F74C1938C20C}
	EndGlobalSection
EndGlobal
